
Microsoft Visual Studio Solution File, Format Version 12.00
# Visual Studio Version 17
VisualStudioVersion = 17.8.34408.163
MinimumVisualStudioVersion = 10.0.40219.1
Project("{FAE04EC0-301F-11D3-BF4B-00C04F79EFBC}") = "StudentManagementSystem", "StudentManagementSystem\StudentManagementSystem.csproj", "{E5AF9E89-99FB-4935-9B6F-0B9BA102DC45}"
EndProject
Global
	GlobalSection(SolutionConfigurationPlatforms) = preSolution
		Debug|Any CPU = Debug|Any CPU
		Release|Any CPU = Release|Any CPU
	EndGlobalSection
	GlobalSection(ProjectConfigurationPlatforms) = postSolution
		{E5AF9E89-99FB-4935-9B6F-0B9BA102DC45}.Debug|Any CPU.ActiveCfg = Debug|Any CPU
		{E5AF9E89-99FB-4935-9B6F-0B9BA102DC45}.Debug|Any CPU.Build.0 = Debug|Any CPU
		{E5AF9E89-99FB-4935-9B6F-0B9BA102DC45}.Release|Any CPU.ActiveCfg = Release|Any CPU
		{E5AF9E89-99FB-4935-9B6F-0B9BA102DC45}.Release|Any CPU.Build.0 = Release|Any CPU
	EndGlobalSection
	GlobalSection(SolutionProperties) = preSolution
		HideSolutionNode = FALSE
	EndGlobalSection
	GlobalSection(ExtensibilityGlobals) = postSolution
		SolutionGuid = {C15FC8CF-1713-4785-A204-243031B03978}
	EndGlobalSection
EndGlobal
